
Microsoft Visual Studio Solution File, Format Version 12.00
# Visual Studio 15
VisualStudioVersion = 15.0.27130.0
MinimumVisualStudioVersion = 10.0.40219.1
Project("{FAE04EC0-301F-11D3-BF4B-00C04F79EFBC}") = "RedCapped.Core", "RedCapped.Core\RedCapped.Core.csproj", "{190FE53F-DEF2-4630-915C-CA453D1BDDEA}"
EndProject
Project("{FAE04EC0-301F-11D3-BF4B-00C04F79EFBC}") = "RedCapped.Core.Tests", "RedCapped.Core.Tests\RedCapped.Core.Tests.csproj", "{7E291144-F3C3-4934-BF24-024A27723D6B}"
EndProject
Project("{FAE04EC0-301F-11D3-BF4B-00C04F79EFBC}") = "RedCapped.TestConsole", "RedCapped.TestConsole\RedCapped.TestConsole.csproj", "{51692F62-A81B-40AD-A6EF-9759FCEC69D6}"
EndProject
Global
	GlobalSection(SolutionConfigurationPlatforms) = preSolution
		Debug|Any CPU = Debug|Any CPU
		Release|Any CPU = Release|Any CPU
	EndGlobalSection
	GlobalSection(ProjectConfigurationPlatforms) = postSolution
		{190FE53F-DEF2-4630-915C-CA453D1BDDEA}.Debug|Any CPU.ActiveCfg = Debug|Any CPU
		{190FE53F-DEF2-4630-915C-CA453D1BDDEA}.Debug|Any CPU.Build.0 = Debug|Any CPU
		{190FE53F-DEF2-4630-915C-CA453D1BDDEA}.Release|Any CPU.ActiveCfg = Release|Any CPU
		{190FE53F-DEF2-4630-915C-CA453D1BDDEA}.Release|Any CPU.Build.0 = Release|Any CPU
		{7E291144-F3C3-4934-BF24-024A27723D6B}.Debug|Any CPU.ActiveCfg = Debug|Any CPU
		{7E291144-F3C3-4934-BF24-024A27723D6B}.Debug|Any CPU.Build.0 = Debug|Any CPU
		{7E291144-F3C3-4934-BF24-024A27723D6B}.Release|Any CPU.ActiveCfg = Release|Any CPU
		{7E291144-F3C3-4934-BF24-024A27723D6B}.Release|Any CPU.Build.0 = Release|Any CPU
		{51692F62-A81B-40AD-A6EF-9759FCEC69D6}.Debug|Any CPU.ActiveCfg = Debug|Any CPU
		{51692F62-A81B-40AD-A6EF-9759FCEC69D6}.Debug|Any CPU.Build.0 = Debug|Any CPU
		{51692F62-A81B-40AD-A6EF-9759FCEC69D6}.Release|Any CPU.ActiveCfg = Release|Any CPU
		{51692F62-A81B-40AD-A6EF-9759FCEC69D6}.Release|Any CPU.Build.0 = Release|Any CPU
	EndGlobalSection
	GlobalSection(SolutionProperties) = preSolution
		HideSolutionNode = FALSE
	EndGlobalSection
	GlobalSection(ExtensibilityGlobals) = postSolution
		SolutionGuid = {3C744592-B4A9-47EF-96AE-4B85522DF9FF}
	EndGlobalSection
EndGlobal
